
Microsoft Visual Studio Solution File, Format Version 12.00
# Visual Studio Version 16
VisualStudioVersion = 25.0.1704.4
MinimumVisualStudioVersion = 10.0.40219.1
Project("{FAE04EC0-301F-11D3-BF4B-00C04F79EFBC}") = "Shapeifelse", "Shapeifelse\Shapeifelse.csproj", "{94B24F2E-D682-4643-8339-2504E99212E3}"
EndProject
Global
	GlobalSection(SolutionConfigurationPlatforms) = preSolution
		Debug|Any CPU = Debug|Any CPU
		Release|Any CPU = Release|Any CPU
	EndGlobalSection
	GlobalSection(ProjectConfigurationPlatforms) = postSolution
		{94B24F2E-D682-4643-8339-2504E99212E3}.Debug|Any CPU.ActiveCfg = Debug|Any CPU
		{94B24F2E-D682-4643-8339-2504E99212E3}.Debug|Any CPU.Build.0 = Debug|Any CPU
		{94B24F2E-D682-4643-8339-2504E99212E3}.Release|Any CPU.ActiveCfg = Release|Any CPU
		{94B24F2E-D682-4643-8339-2504E99212E3}.Release|Any CPU.Build.0 = Release|Any CPU
	EndGlobalSection
	GlobalSection(SolutionProperties) = preSolution
		HideSolutionNode = FALSE
	EndGlobalSection
	GlobalSection(ExtensibilityGlobals) = postSolution
		SolutionGuid = {040CD5F5-AE78-4D23-849C-6B51A06B00E0}
	EndGlobalSection
EndGlobal
