
Microsoft Visual Studio Solution File, Format Version 12.00
# Visual Studio Version 16
VisualStudioVersion = 25.0.1704.4
MinimumVisualStudioVersion = 10.0.40219.1
Project("{FAE04EC0-301F-11D3-BF4B-00C04F79EFBC}") = "Loop", "Loop\Loop.csproj", "{BFD136EC-80E7-4C3C-BAD3-05F896EE8604}"
EndProject
Project("{2150E333-8FDC-42A3-9474-1A3956D46DE8}") = "Solution Items", "Solution Items", "{F904FE08-4393-4A46-A46A-BF217A9D2839}"
EndProject
Global
	GlobalSection(SolutionConfigurationPlatforms) = preSolution
		Debug|Any CPU = Debug|Any CPU
		Release|Any CPU = Release|Any CPU
	EndGlobalSection
	GlobalSection(ProjectConfigurationPlatforms) = postSolution
		{BFD136EC-80E7-4C3C-BAD3-05F896EE8604}.Debug|Any CPU.ActiveCfg = Debug|Any CPU
		{BFD136EC-80E7-4C3C-BAD3-05F896EE8604}.Debug|Any CPU.Build.0 = Debug|Any CPU
		{BFD136EC-80E7-4C3C-BAD3-05F896EE8604}.Release|Any CPU.ActiveCfg = Release|Any CPU
		{BFD136EC-80E7-4C3C-BAD3-05F896EE8604}.Release|Any CPU.Build.0 = Release|Any CPU
	EndGlobalSection
	GlobalSection(SolutionProperties) = preSolution
		HideSolutionNode = FALSE
	EndGlobalSection
	GlobalSection(ExtensibilityGlobals) = postSolution
		SolutionGuid = {0AD99108-3742-477D-A6F9-0061F5362141}
	EndGlobalSection
EndGlobal
