
Microsoft Visual Studio Solution File, Format Version 12.00
# Visual Studio Version 16
VisualStudioVersion = 25.0.1704.4
MinimumVisualStudioVersion = 10.0.40219.1
Project("{FAE04EC0-301F-11D3-BF4B-00C04F79EFBC}") = "Divider", "Divider\Divider.csproj", "{B55EF06F-F0DB-4C93-8588-B9D3FF901C17}"
EndProject
Global
	GlobalSection(SolutionConfigurationPlatforms) = preSolution
		Debug|Any CPU = Debug|Any CPU
		Release|Any CPU = Release|Any CPU
	EndGlobalSection
	GlobalSection(ProjectConfigurationPlatforms) = postSolution
		{B55EF06F-F0DB-4C93-8588-B9D3FF901C17}.Debug|Any CPU.ActiveCfg = Debug|Any CPU
		{B55EF06F-F0DB-4C93-8588-B9D3FF901C17}.Debug|Any CPU.Build.0 = Debug|Any CPU
		{B55EF06F-F0DB-4C93-8588-B9D3FF901C17}.Release|Any CPU.ActiveCfg = Release|Any CPU
		{B55EF06F-F0DB-4C93-8588-B9D3FF901C17}.Release|Any CPU.Build.0 = Release|Any CPU
	EndGlobalSection
	GlobalSection(SolutionProperties) = preSolution
		HideSolutionNode = FALSE
	EndGlobalSection
	GlobalSection(ExtensibilityGlobals) = postSolution
		SolutionGuid = {756F2691-914B-46BA-B7BC-9533E0ADA13B}
	EndGlobalSection
EndGlobal
