
Microsoft Visual Studio Solution File, Format Version 12.00
# Visual Studio Version 16
VisualStudioVersion = 25.0.1704.4
MinimumVisualStudioVersion = 10.0.40219.1
Project("{FAE04EC0-301F-11D3-BF4B-00C04F79EFBC}") = "Triangle", "Triangle\Triangle.csproj", "{12D0DE49-D6CD-42C3-948A-6B61FC3FC87E}"
EndProject
Global
	GlobalSection(SolutionConfigurationPlatforms) = preSolution
		Debug|Any CPU = Debug|Any CPU
		Release|Any CPU = Release|Any CPU
	EndGlobalSection
	GlobalSection(ProjectConfigurationPlatforms) = postSolution
		{12D0DE49-D6CD-42C3-948A-6B61FC3FC87E}.Debug|Any CPU.ActiveCfg = Debug|Any CPU
		{12D0DE49-D6CD-42C3-948A-6B61FC3FC87E}.Debug|Any CPU.Build.0 = Debug|Any CPU
		{12D0DE49-D6CD-42C3-948A-6B61FC3FC87E}.Release|Any CPU.ActiveCfg = Release|Any CPU
		{12D0DE49-D6CD-42C3-948A-6B61FC3FC87E}.Release|Any CPU.Build.0 = Release|Any CPU
	EndGlobalSection
	GlobalSection(SolutionProperties) = preSolution
		HideSolutionNode = FALSE
	EndGlobalSection
	GlobalSection(ExtensibilityGlobals) = postSolution
		SolutionGuid = {26E58272-4D3D-4EB5-9522-1E841D2889B4}
	EndGlobalSection
EndGlobal
