
Microsoft Visual Studio Solution File, Format Version 12.00
# Visual Studio Version 16
VisualStudioVersion = 25.0.1704.4
MinimumVisualStudioVersion = 10.0.40219.1
Project("{FAE04EC0-301F-11D3-BF4B-00C04F79EFBC}") = "Utils", "Utils\Utils.csproj", "{DFF2742F-5D02-4186-945F-1D40457693C5}"
EndProject
Global
	GlobalSection(SolutionConfigurationPlatforms) = preSolution
		Debug|Any CPU = Debug|Any CPU
		Release|Any CPU = Release|Any CPU
	EndGlobalSection
	GlobalSection(ProjectConfigurationPlatforms) = postSolution
		{DFF2742F-5D02-4186-945F-1D40457693C5}.Debug|Any CPU.ActiveCfg = Debug|Any CPU
		{DFF2742F-5D02-4186-945F-1D40457693C5}.Debug|Any CPU.Build.0 = Debug|Any CPU
		{DFF2742F-5D02-4186-945F-1D40457693C5}.Release|Any CPU.ActiveCfg = Release|Any CPU
		{DFF2742F-5D02-4186-945F-1D40457693C5}.Release|Any CPU.Build.0 = Release|Any CPU
	EndGlobalSection
	GlobalSection(SolutionProperties) = preSolution
		HideSolutionNode = FALSE
	EndGlobalSection
	GlobalSection(ExtensibilityGlobals) = postSolution
		SolutionGuid = {252874D6-133B-4BA3-B0DB-28510C3D1DE6}
	EndGlobalSection
EndGlobal
